
Microsoft Visual Studio Solution File, Format Version 12.00
# Visual Studio Version 16
VisualStudioVersion = 16.0.29123.88
MinimumVisualStudioVersion = 10.0.40219.1
Project("{FAE04EC0-301F-11D3-BF4B-00C04F79EFBC}") = "DemoBogus", "DemoBogus\DemoBogus.csproj", "{61E05686-D23B-44B9-8198-CFF223A53636}"
EndProject
Global
	GlobalSection(SolutionConfigurationPlatforms) = preSolution
		Debug|Any CPU = Debug|Any CPU
		Release|Any CPU = Release|Any CPU
	EndGlobalSection
	GlobalSection(ProjectConfigurationPlatforms) = postSolution
		{61E05686-D23B-44B9-8198-CFF223A53636}.Debug|Any CPU.ActiveCfg = Debug|Any CPU
		{61E05686-D23B-44B9-8198-CFF223A53636}.Debug|Any CPU.Build.0 = Debug|Any CPU
		{61E05686-D23B-44B9-8198-CFF223A53636}.Release|Any CPU.ActiveCfg = Release|Any CPU
		{61E05686-D23B-44B9-8198-CFF223A53636}.Release|Any CPU.Build.0 = Release|Any CPU
	EndGlobalSection
	GlobalSection(SolutionProperties) = preSolution
		HideSolutionNode = FALSE
	EndGlobalSection
	GlobalSection(ExtensibilityGlobals) = postSolution
		SolutionGuid = {8272D128-5251-4F7D-81D6-92B20692A6B8}
	EndGlobalSection
EndGlobal
